PODS:
  - AppAuth (1.6.0):
    - AppAuth/Core (= 1.6.0)
    - AppAuth/ExternalUserAgent (= 1.6.0)
  - AppAuth/Core (1.6.0)
  - AppAuth/ExternalUserAgent (1.6.0):
    - AppAuth/Core
  - KindeSDK (1.1):
    - AppAuth
  - MockingbirdFramework (0.20.0)
  - Nimble (11.2.1)
  - Quick (6.1.0)
  - SwiftLint (0.50.3)

DEPENDENCIES:
  - KindeSDK (from `https://github.com/tanzilya/kinde-sdk-ios.git`, branch `feature/api_v2`)
  - MockingbirdFramework
  - Nimble
  - Quick
  - SwiftLint (~> 0.50.3)

SPEC REPOS:
  trunk:
    - AppAuth
    - MockingbirdFramework
    - Nimble
    - Quick
    - SwiftLint

EXTERNAL SOURCES:
  KindeSDK:
    :branch: feature/api_v2
    :git: https://github.com/tanzilya/kinde-sdk-ios.git

CHECKOUT OPTIONS:
  KindeSDK:
    :commit: bc85906b80dd34707002fecdb4761ab7960d5538
    :git: https://github.com/tanzilya/kinde-sdk-ios.git

SPEC CHECKSUMS:
  AppAuth: 8fca6b5563a5baef2c04bee27538025e4ceb2add
  KindeSDK: ba02a4e58647e69184cbb5cb8cdde1cf49fbd688
  MockingbirdFramework: 54e35fbbb47b806c1a1fae2cf3ef99f6eceb55e5
  Nimble: 516ac503a0fafaa8e41dbb4a70a61be421fa893a
  Quick: 6676ffb409bf04abba2ff23902af2407bfc6ac90
  SwiftLint: 77f7cb2b9bb81ab4a12fcc86448ba3f11afa50c6

PODFILE CHECKSUM: 9ad307917e3138dfe65af2a2d2d17b058a69df47

COCOAPODS: 1.11.3
