PODS:
  - AppAuth (1.6.2):
    - AppAuth/Core (= 1.6.2)
    - AppAuth/ExternalUserAgent (= 1.6.2)
  - AppAuth/Core (1.6.2)
  - AppAuth/ExternalUserAgent (1.6.2):
    - AppAuth/Core
  - KindeSDK (1.2.0):
    - AppAuth (>= 1.6.2)
  - MockingbirdFramework (0.20.0)
  - Nimble (12.3.0)
  - Quick (7.3.0)
  - SwiftLint (0.50.3)

DEPENDENCIES:
  - KindeSDK
  - MockingbirdFramework
  - Nimble
  - Quick
  - SwiftLint (~> 0.50.3)

SPEC REPOS:
  trunk:
    - AppAuth
    - KindeSDK
    - MockingbirdFramework
    - Nimble
    - Quick
    - SwiftLint

SPEC CHECKSUMS:
  AppAuth: 3bb1d1cd9340bd09f5ed189fb00b1cc28e1e8570
  KindeSDK: 43c5f443d138fc66ad451dc0e245b6f62d892719
  MockingbirdFramework: 54e35fbbb47b806c1a1fae2cf3ef99f6eceb55e5
  Nimble: f8a8219d16f176429b951e8f7e72df5c23ceddc0
  Quick: d32871931c05547cb4e0bc9009d66a18b50d8558
  SwiftLint: 77f7cb2b9bb81ab4a12fcc86448ba3f11afa50c6

PODFILE CHECKSUM: fadde2977e29bbf11ac3e60499295cdb239d04d4

COCOAPODS: 1.13.0
